# THIS IS AN AUTOGENERATED FILE. DO NOT EDIT THIS FILE DIRECTLY.
# yarn lockfile v1


business-day@^1.0.0:
  version "1.0.0"
  resolved "https://registry.yarnpkg.com/business-day/-/business-day-1.0.0.tgz#cd04d336b5e4c13d3efab232fedd765156b78d16"
  integrity sha512-aIkHWzk+LPQxnjpC5ZJaho0JNqggoan735PghHQxN8b1H4WCYhKYKihTYo8DN9oQ/BrBx9oOQZsGktM7u2m7Lw==
  dependencies:
    moment "2.29.0"

moment@2.29.0:
  version "2.29.0"
  resolved "https://registry.yarnpkg.com/moment/-/moment-2.29.0.tgz#fcbef955844d91deb55438613ddcec56e86a3425"
  integrity sha512-z6IJ5HXYiuxvFTI6eiQ9dm77uE0gyy1yXNApVHqTcnIKfY9tIwEjlzsZ6u1LQXvVgKeTnv9Xm7NDvJ7lso3MtA==
